
Microsoft Visual Studio Solution File, Format Version 12.00
# Visual Studio Version 17
VisualStudioVersion = 17.5.002.0
MinimumVisualStudioVersion = 10.0.40219.1
Project("{9A19103F-16F7-4668-BE54-9A1E7A4F7556}") = "baltaDataAcess", "baltaDataAcess.csproj", "{6FBE91E2-2CCA-4158-AC4A-A0B0D6CFBF6C}"
EndProject
Project("{FAE04EC0-301F-11D3-BF4B-00C04F79EFBC}") = "MaoNaMassa", "..\MaoNaMassa\MaoNaMassa.csproj", "{6A0A9BEE-BFF8-4B34-B45C-72F394789B45}"
EndProject
Global
	GlobalSection(SolutionConfigurationPlatforms) = preSolution
		Debug|Any CPU = Debug|Any CPU
		Release|Any CPU = Release|Any CPU
	EndGlobalSection
	GlobalSection(ProjectConfigurationPlatforms) = postSolution
		{6FBE91E2-2CCA-4158-AC4A-A0B0D6CFBF6C}.Debug|Any CPU.ActiveCfg = Debug|Any CPU
		{6FBE91E2-2CCA-4158-AC4A-A0B0D6CFBF6C}.Debug|Any CPU.Build.0 = Debug|Any CPU
		{6FBE91E2-2CCA-4158-AC4A-A0B0D6CFBF6C}.Release|Any CPU.ActiveCfg = Release|Any CPU
		{6FBE91E2-2CCA-4158-AC4A-A0B0D6CFBF6C}.Release|Any CPU.Build.0 = Release|Any CPU
		{6A0A9BEE-BFF8-4B34-B45C-72F394789B45}.Debug|Any CPU.ActiveCfg = Debug|Any CPU
		{6A0A9BEE-BFF8-4B34-B45C-72F394789B45}.Debug|Any CPU.Build.0 = Debug|Any CPU
		{6A0A9BEE-BFF8-4B34-B45C-72F394789B45}.Release|Any CPU.ActiveCfg = Release|Any CPU
		{6A0A9BEE-BFF8-4B34-B45C-72F394789B45}.Release|Any CPU.Build.0 = Release|Any CPU
	EndGlobalSection
	GlobalSection(SolutionProperties) = preSolution
		HideSolutionNode = FALSE
	EndGlobalSection
	GlobalSection(ExtensibilityGlobals) = postSolution
		SolutionGuid = {88A1BC03-96B8-4893-9738-CCB96295CF42}
	EndGlobalSection
EndGlobal
